
Microsoft Visual Studio Solution File, Format Version 12.00
# Visual Studio Version 17
VisualStudioVersion = 17.0.31912.275
MinimumVisualStudioVersion = 10.0.40219.1
Project("{8BC9CEB8-8B4A-11D0-8D11-00A0C91BC942}") = "Spore ModAPI", "SporeMods\Spore-ModAPI\Spore ModAPI\Spore ModAPI.vcxproj", "{F057451A-1413-4D68-AF56-1BF529933420}"
EndProject
Project("{9A19103F-16F7-4668-BE54-9A1E7A4F7556}") = "SporeServer", "SporeServer\SporeServer.csproj", "{BC481702-C311-41A3-911E-97247E8E039E}"
EndProject
Project("{2150E333-8FDC-42A3-9474-1A3956D46DE8}") = "SporeMods", "SporeMods", "{3DB79F46-31FF-46EB-B141-052521F5B045}"
EndProject
Project("{8BC9CEB8-8B4A-11D0-8D11-00A0C91BC942}") = "SporeServer", "SporeMods\SporeServer\SporeServer.vcxproj", "{6D85351F-5F3F-4EE3-8714-2BBA1D646C8D}"
EndProject
Project("{9A19103F-16F7-4668-BE54-9A1E7A4F7556}") = "SporeServer.Utils", "SporeServer.Utils\SporeServer.Utils.csproj", "{D4EBBD77-BDDC-4E7D-B428-76A51FD7A86B}"
EndProject
Project("{9A19103F-16F7-4668-BE54-9A1E7A4F7556}") = "SporeServer.Tests", "SporeServer.Tests\SporeServer.Tests.csproj", "{1BAD5A0B-A2A6-4919-A048-DE5D5F8199AD}"
EndProject
Global
	GlobalSection(SolutionConfigurationPlatforms) = preSolution
		Debug (.NET)|Any CPU = Debug (.NET)|Any CPU
		Debug (.NET)|x64 = Debug (.NET)|x64
		Debug (.NET)|x86 = Debug (.NET)|x86
		Debug|Any CPU = Debug|Any CPU
		Debug|x64 = Debug|x64
		Debug|x86 = Debug|x86
		Release (.NET)|Any CPU = Release (.NET)|Any CPU
		Release (.NET)|x64 = Release (.NET)|x64
		Release (.NET)|x86 = Release (.NET)|x86
		Release|Any CPU = Release|Any CPU
		Release|x64 = Release|x64
		Release|x86 = Release|x86
	EndGlobalSection
	GlobalSection(ProjectConfigurationPlatforms) = postSolution
		{F057451A-1413-4D68-AF56-1BF529933420}.Debug (.NET)|Any CPU.ActiveCfg = Debug|Win32
		{F057451A-1413-4D68-AF56-1BF529933420}.Debug (.NET)|x64.ActiveCfg = Debug|Win32
		{F057451A-1413-4D68-AF56-1BF529933420}.Debug (.NET)|x86.ActiveCfg = Debug|Win32
		{F057451A-1413-4D68-AF56-1BF529933420}.Debug (.NET)|x86.Build.0 = Debug|Win32
		{F057451A-1413-4D68-AF56-1BF529933420}.Debug|Any CPU.ActiveCfg = Debug|Win32
		{F057451A-1413-4D68-AF56-1BF529933420}.Debug|x64.ActiveCfg = Debug|Win32
		{F057451A-1413-4D68-AF56-1BF529933420}.Debug|x86.ActiveCfg = Debug|Win32
		{F057451A-1413-4D68-AF56-1BF529933420}.Debug|x86.Build.0 = Debug|Win32
		{F057451A-1413-4D68-AF56-1BF529933420}.Release (.NET)|Any CPU.ActiveCfg = Release|Win32
		{F057451A-1413-4D68-AF56-1BF529933420}.Release (.NET)|x64.ActiveCfg = Release|Win32
		{F057451A-1413-4D68-AF56-1BF529933420}.Release (.NET)|x86.ActiveCfg = Release|Win32
		{F057451A-1413-4D68-AF56-1BF529933420}.Release (.NET)|x86.Build.0 = Release|Win32
		{F057451A-1413-4D68-AF56-1BF529933420}.Release|Any CPU.ActiveCfg = Release|Win32
		{F057451A-1413-4D68-AF56-1BF529933420}.Release|x64.ActiveCfg = Release|Win32
		{F057451A-1413-4D68-AF56-1BF529933420}.Release|x86.ActiveCfg = Release|Win32
		{F057451A-1413-4D68-AF56-1BF529933420}.Release|x86.Build.0 = Release|Win32
		{BC481702-C311-41A3-911E-97247E8E039E}.Debug (.NET)|Any CPU.ActiveCfg = Debug|Any CPU
		{BC481702-C311-41A3-911E-97247E8E039E}.Debug (.NET)|Any CPU.Build.0 = Debug|Any CPU
		{BC481702-C311-41A3-911E-97247E8E039E}.Debug (.NET)|x64.ActiveCfg = Debug|Any CPU
		{BC481702-C311-41A3-911E-97247E8E039E}.Debug (.NET)|x64.Build.0 = Debug|Any CPU
		{BC481702-C311-41A3-911E-97247E8E039E}.Debug (.NET)|x86.ActiveCfg = Debug|Any CPU
		{BC481702-C311-41A3-911E-97247E8E039E}.Debug (.NET)|x86.Build.0 = Debug|Any CPU
		{BC481702-C311-41A3-911E-97247E8E039E}.Debug|Any CPU.ActiveCfg = Debug|Any CPU
		{BC481702-C311-41A3-911E-97247E8E039E}.Debug|Any CPU.Build.0 = Debug|Any CPU
		{BC481702-C311-41A3-911E-97247E8E039E}.Debug|x64.ActiveCfg = Debug|Any CPU
		{BC481702-C311-41A3-911E-97247E8E039E}.Debug|x64.Build.0 = Debug|Any CPU
		{BC481702-C311-41A3-911E-97247E8E039E}.Debug|x86.ActiveCfg = Debug|Any CPU
		{BC481702-C311-41A3-911E-97247E8E039E}.Debug|x86.Build.0 = Debug|Any CPU
		{BC481702-C311-41A3-911E-97247E8E039E}.Release (.NET)|Any CPU.ActiveCfg = Release|Any CPU
		{BC481702-C311-41A3-911E-97247E8E039E}.Release (.NET)|Any CPU.Build.0 = Release|Any CPU
		{BC481702-C311-41A3-911E-97247E8E039E}.Release (.NET)|x64.ActiveCfg = Release|Any CPU
		{BC481702-C311-41A3-911E-97247E8E039E}.Release (.NET)|x64.Build.0 = Release|Any CPU
		{BC481702-C311-41A3-911E-97247E8E039E}.Release (.NET)|x86.ActiveCfg = Release|Any CPU
		{BC481702-C311-41A3-911E-97247E8E039E}.Release (.NET)|x86.Build.0 = Release|Any CPU
		{BC481702-C311-41A3-911E-97247E8E039E}.Release|Any CPU.ActiveCfg = Release|Any CPU
		{BC481702-C311-41A3-911E-97247E8E039E}.Release|Any CPU.Build.0 = Release|Any CPU
		{BC481702-C311-41A3-911E-97247E8E039E}.Release|x64.ActiveCfg = Release|Any CPU
		{BC481702-C311-41A3-911E-97247E8E039E}.Release|x64.Build.0 = Release|Any CPU
		{BC481702-C311-41A3-911E-97247E8E039E}.Release|x86.ActiveCfg = Release|Any CPU
		{BC481702-C311-41A3-911E-97247E8E039E}.Release|x86.Build.0 = Release|Any CPU
		{6D85351F-5F3F-4EE3-8714-2BBA1D646C8D}.Debug (.NET)|Any CPU.ActiveCfg = Debug|Win32
		{6D85351F-5F3F-4EE3-8714-2BBA1D646C8D}.Debug (.NET)|x64.ActiveCfg = Debug|Win32
		{6D85351F-5F3F-4EE3-8714-2BBA1D646C8D}.Debug (.NET)|x64.Build.0 = Debug|Win32
		{6D85351F-5F3F-4EE3-8714-2BBA1D646C8D}.Debug (.NET)|x86.ActiveCfg = Debug|Win32
		{6D85351F-5F3F-4EE3-8714-2BBA1D646C8D}.Debug (.NET)|x86.Build.0 = Debug|Win32
		{6D85351F-5F3F-4EE3-8714-2BBA1D646C8D}.Debug|Any CPU.ActiveCfg = Debug|Win32
		{6D85351F-5F3F-4EE3-8714-2BBA1D646C8D}.Debug|Any CPU.Build.0 = Debug|Win32
		{6D85351F-5F3F-4EE3-8714-2BBA1D646C8D}.Debug|x64.ActiveCfg = Debug|Win32
		{6D85351F-5F3F-4EE3-8714-2BBA1D646C8D}.Debug|x64.Build.0 = Debug|Win32
		{6D85351F-5F3F-4EE3-8714-2BBA1D646C8D}.Debug|x86.ActiveCfg = Debug|Win32
		{6D85351F-5F3F-4EE3-8714-2BBA1D646C8D}.Debug|x86.Build.0 = Debug|Win32
		{6D85351F-5F3F-4EE3-8714-2BBA1D646C8D}.Release (.NET)|Any CPU.ActiveCfg = Release|Win32
		{6D85351F-5F3F-4EE3-8714-2BBA1D646C8D}.Release (.NET)|x64.ActiveCfg = Release|Win32
		{6D85351F-5F3F-4EE3-8714-2BBA1D646C8D}.Release (.NET)|x64.Build.0 = Release|Win32
		{6D85351F-5F3F-4EE3-8714-2BBA1D646C8D}.Release (.NET)|x86.ActiveCfg = Release|Win32
		{6D85351F-5F3F-4EE3-8714-2BBA1D646C8D}.Release (.NET)|x86.Build.0 = Release|Win32
		{6D85351F-5F3F-4EE3-8714-2BBA1D646C8D}.Release|Any CPU.ActiveCfg = Release|Win32
		{6D85351F-5F3F-4EE3-8714-2BBA1D646C8D}.Release|Any CPU.Build.0 = Release|Win32
		{6D85351F-5F3F-4EE3-8714-2BBA1D646C8D}.Release|x64.ActiveCfg = Release|Win32
		{6D85351F-5F3F-4EE3-8714-2BBA1D646C8D}.Release|x64.Build.0 = Release|Win32
		{6D85351F-5F3F-4EE3-8714-2BBA1D646C8D}.Release|x86.ActiveCfg = Release|Win32
		{6D85351F-5F3F-4EE3-8714-2BBA1D646C8D}.Release|x86.Build.0 = Release|Win32
		{D4EBBD77-BDDC-4E7D-B428-76A51FD7A86B}.Debug (.NET)|Any CPU.ActiveCfg = Debug|Any CPU
		{D4EBBD77-BDDC-4E7D-B428-76A51FD7A86B}.Debug (.NET)|Any CPU.Build.0 = Debug|Any CPU
		{D4EBBD77-BDDC-4E7D-B428-76A51FD7A86B}.Debug (.NET)|x64.ActiveCfg = Debug|Any CPU
		{D4EBBD77-BDDC-4E7D-B428-76A51FD7A86B}.Debug (.NET)|x64.Build.0 = Debug|Any CPU
		{D4EBBD77-BDDC-4E7D-B428-76A51FD7A86B}.Debug (.NET)|x86.ActiveCfg = Debug|Any CPU
		{D4EBBD77-BDDC-4E7D-B428-76A51FD7A86B}.Debug (.NET)|x86.Build.0 = Debug|Any CPU
		{D4EBBD77-BDDC-4E7D-B428-76A51FD7A86B}.Debug|Any CPU.ActiveCfg = Debug|Any CPU
		{D4EBBD77-BDDC-4E7D-B428-76A51FD7A86B}.Debug|Any CPU.Build.0 = Debug|Any CPU
		{D4EBBD77-BDDC-4E7D-B428-76A51FD7A86B}.Debug|x64.ActiveCfg = Debug|Any CPU
		{D4EBBD77-BDDC-4E7D-B428-76A51FD7A86B}.Debug|x64.Build.0 = Debug|Any CPU
		{D4EBBD77-BDDC-4E7D-B428-76A51FD7A86B}.Debug|x86.ActiveCfg = Debug|Any CPU
		{D4EBBD77-BDDC-4E7D-B428-76A51FD7A86B}.Debug|x86.Build.0 = Debug|Any CPU
		{D4EBBD77-BDDC-4E7D-B428-76A51FD7A86B}.Release (.NET)|Any CPU.ActiveCfg = Release|Any CPU
		{D4EBBD77-BDDC-4E7D-B428-76A51FD7A86B}.Release (.NET)|Any CPU.Build.0 = Release|Any CPU
		{D4EBBD77-BDDC-4E7D-B428-76A51FD7A86B}.Release (.NET)|x64.ActiveCfg = Release|Any CPU
		{D4EBBD77-BDDC-4E7D-B428-76A51FD7A86B}.Release (.NET)|x64.Build.0 = Release|Any CPU
		{D4EBBD77-BDDC-4E7D-B428-76A51FD7A86B}.Release (.NET)|x86.ActiveCfg = Release|Any CPU
		{D4EBBD77-BDDC-4E7D-B428-76A51FD7A86B}.Release (.NET)|x86.Build.0 = Release|Any CPU
		{D4EBBD77-BDDC-4E7D-B428-76A51FD7A86B}.Release|Any CPU.ActiveCfg = Release|Any CPU
		{D4EBBD77-BDDC-4E7D-B428-76A51FD7A86B}.Release|Any CPU.Build.0 = Release|Any CPU
		{D4EBBD77-BDDC-4E7D-B428-76A51FD7A86B}.Release|x64.ActiveCfg = Release|Any CPU
		{D4EBBD77-BDDC-4E7D-B428-76A51FD7A86B}.Release|x64.Build.0 = Release|Any CPU
		{D4EBBD77-BDDC-4E7D-B428-76A51FD7A86B}.Release|x86.ActiveCfg = Release|Any CPU
		{D4EBBD77-BDDC-4E7D-B428-76A51FD7A86B}.Release|x86.Build.0 = Release|Any CPU
		{1BAD5A0B-A2A6-4919-A048-DE5D5F8199AD}.Debug (.NET)|Any CPU.ActiveCfg = Debug|Any CPU
		{1BAD5A0B-A2A6-4919-A048-DE5D5F8199AD}.Debug (.NET)|Any CPU.Build.0 = Debug|Any CPU
		{1BAD5A0B-A2A6-4919-A048-DE5D5F8199AD}.Debug (.NET)|x64.ActiveCfg = Debug|Any CPU
		{1BAD5A0B-A2A6-4919-A048-DE5D5F8199AD}.Debug (.NET)|x64.Build.0 = Debug|Any CPU
		{1BAD5A0B-A2A6-4919-A048-DE5D5F8199AD}.Debug (.NET)|x86.ActiveCfg = Debug|Any CPU
		{1BAD5A0B-A2A6-4919-A048-DE5D5F8199AD}.Debug (.NET)|x86.Build.0 = Debug|Any CPU
		{1BAD5A0B-A2A6-4919-A048-DE5D5F8199AD}.Debug|Any CPU.ActiveCfg = Debug|Any CPU
		{1BAD5A0B-A2A6-4919-A048-DE5D5F8199AD}.Debug|Any CPU.Build.0 = Debug|Any CPU
		{1BAD5A0B-A2A6-4919-A048-DE5D5F8199AD}.Debug|x64.ActiveCfg = Debug|Any CPU
		{1BAD5A0B-A2A6-4919-A048-DE5D5F8199AD}.Debug|x64.Build.0 = Debug|Any CPU
		{1BAD5A0B-A2A6-4919-A048-DE5D5F8199AD}.Debug|x86.ActiveCfg = Debug|Any CPU
		{1BAD5A0B-A2A6-4919-A048-DE5D5F8199AD}.Debug|x86.Build.0 = Debug|Any CPU
		{1BAD5A0B-A2A6-4919-A048-DE5D5F8199AD}.Release (.NET)|Any CPU.ActiveCfg = Release|Any CPU
		{1BAD5A0B-A2A6-4919-A048-DE5D5F8199AD}.Release (.NET)|Any CPU.Build.0 = Release|Any CPU
		{1BAD5A0B-A2A6-4919-A048-DE5D5F8199AD}.Release (.NET)|x64.ActiveCfg = Release|Any CPU
		{1BAD5A0B-A2A6-4919-A048-DE5D5F8199AD}.Release (.NET)|x64.Build.0 = Release|Any CPU
		{1BAD5A0B-A2A6-4919-A048-DE5D5F8199AD}.Release (.NET)|x86.ActiveCfg = Release|Any CPU
		{1BAD5A0B-A2A6-4919-A048-DE5D5F8199AD}.Release (.NET)|x86.Build.0 = Release|Any CPU
		{1BAD5A0B-A2A6-4919-A048-DE5D5F8199AD}.Release|Any CPU.ActiveCfg = Release|Any CPU
		{1BAD5A0B-A2A6-4919-A048-DE5D5F8199AD}.Release|Any CPU.Build.0 = Release|Any CPU
		{1BAD5A0B-A2A6-4919-A048-DE5D5F8199AD}.Release|x64.ActiveCfg = Release|Any CPU
		{1BAD5A0B-A2A6-4919-A048-DE5D5F8199AD}.Release|x64.Build.0 = Release|Any CPU
		{1BAD5A0B-A2A6-4919-A048-DE5D5F8199AD}.Release|x86.ActiveCfg = Release|Any CPU
		{1BAD5A0B-A2A6-4919-A048-DE5D5F8199AD}.Release|x86.Build.0 = Release|Any CPU
	EndGlobalSection
	GlobalSection(SolutionProperties) = preSolution
		HideSolutionNode = FALSE
	EndGlobalSection
	GlobalSection(NestedProjects) = preSolution
		{F057451A-1413-4D68-AF56-1BF529933420} = {3DB79F46-31FF-46EB-B141-052521F5B045}
		{6D85351F-5F3F-4EE3-8714-2BBA1D646C8D} = {3DB79F46-31FF-46EB-B141-052521F5B045}
	EndGlobalSection
	GlobalSection(ExtensibilityGlobals) = postSolution
		SolutionGuid = {B8B0B895-2459-4200-9A49-AFB0560DDE37}
	EndGlobalSection
EndGlobal
