
Microsoft Visual Studio Solution File, Format Version 12.00
# Visual Studio Version 16
VisualStudioVersion = 16.0.31019.35
MinimumVisualStudioVersion = 10.0.40219.1
Project("{8BC9CEB8-8B4A-11D0-8D11-00A0C91BC942}") = "SporeRedirectTraffic", "SporeMods\SporeRedirectTraffic\SporeRedirectTraffic.vcxproj", "{07FC5B61-B575-4207-B464-AFAE6AF3FC19}"
	ProjectSection(ProjectDependencies) = postProject
		{F057451A-1413-4D68-AF56-1BF529933420} = {F057451A-1413-4D68-AF56-1BF529933420}
	EndProjectSection
EndProject
Project("{8BC9CEB8-8B4A-11D0-8D11-00A0C91BC942}") = "Spore ModAPI", "SporeMods\Spore-ModAPI\Spore ModAPI\Spore ModAPI.vcxproj", "{F057451A-1413-4D68-AF56-1BF529933420}"
EndProject
Project("{9A19103F-16F7-4668-BE54-9A1E7A4F7556}") = "SporeServer", "SporeServer\SporeServer.csproj", "{BC481702-C311-41A3-911E-97247E8E039E}"
EndProject
Project("{8BC9CEB8-8B4A-11D0-8D11-00A0C91BC942}") = "SporeNewOpenSSL", "SporeMods\SporeNewOpenSSL\SporeNewOpenSSL.vcxproj", "{6D85351F-5F3F-4EE3-8714-2BBA1D646C8D}"
	ProjectSection(ProjectDependencies) = postProject
		{F057451A-1413-4D68-AF56-1BF529933420} = {F057451A-1413-4D68-AF56-1BF529933420}
	EndProjectSection
EndProject
Project("{8BC9CEB8-8B4A-11D0-8D11-00A0C91BC942}") = "SporeServerConfig", "SporeMods\SporeServerConfig\SporeServerConfig.vcxproj", "{B4522CE4-3435-421F-BE8D-20EFD57980B4}"
EndProject
Global
	GlobalSection(SolutionConfigurationPlatforms) = preSolution
		Debug|Any CPU = Debug|Any CPU
		Debug|ARM = Debug|ARM
		Debug|ARM64 = Debug|ARM64
		Debug|x64 = Debug|x64
		Debug|x86 = Debug|x86
		DebugMDd|Any CPU = DebugMDd|Any CPU
		DebugMDd|ARM = DebugMDd|ARM
		DebugMDd|ARM64 = DebugMDd|ARM64
		DebugMDd|x64 = DebugMDd|x64
		DebugMDd|x86 = DebugMDd|x86
		Release|Any CPU = Release|Any CPU
		Release|ARM = Release|ARM
		Release|ARM64 = Release|ARM64
		Release|x64 = Release|x64
		Release|x86 = Release|x86
		ReleaseMD|Any CPU = ReleaseMD|Any CPU
		ReleaseMD|ARM = ReleaseMD|ARM
		ReleaseMD|ARM64 = ReleaseMD|ARM64
		ReleaseMD|x64 = ReleaseMD|x64
		ReleaseMD|x86 = ReleaseMD|x86
	EndGlobalSection
	GlobalSection(ProjectConfigurationPlatforms) = postSolution
		{07FC5B61-B575-4207-B464-AFAE6AF3FC19}.Debug|Any CPU.ActiveCfg = Debug|Win32
		{07FC5B61-B575-4207-B464-AFAE6AF3FC19}.Debug|ARM.ActiveCfg = Debug|Win32
		{07FC5B61-B575-4207-B464-AFAE6AF3FC19}.Debug|ARM64.ActiveCfg = Debug|Win32
		{07FC5B61-B575-4207-B464-AFAE6AF3FC19}.Debug|x64.ActiveCfg = Debug|Win32
		{07FC5B61-B575-4207-B464-AFAE6AF3FC19}.Debug|x86.ActiveCfg = Debug|Win32
		{07FC5B61-B575-4207-B464-AFAE6AF3FC19}.Debug|x86.Build.0 = Debug|Win32
		{07FC5B61-B575-4207-B464-AFAE6AF3FC19}.DebugMDd|Any CPU.ActiveCfg = Debug|Win32
		{07FC5B61-B575-4207-B464-AFAE6AF3FC19}.DebugMDd|Any CPU.Build.0 = Debug|Win32
		{07FC5B61-B575-4207-B464-AFAE6AF3FC19}.DebugMDd|ARM.ActiveCfg = Debug|Win32
		{07FC5B61-B575-4207-B464-AFAE6AF3FC19}.DebugMDd|ARM.Build.0 = Debug|Win32
		{07FC5B61-B575-4207-B464-AFAE6AF3FC19}.DebugMDd|ARM64.ActiveCfg = Debug|Win32
		{07FC5B61-B575-4207-B464-AFAE6AF3FC19}.DebugMDd|ARM64.Build.0 = Debug|Win32
		{07FC5B61-B575-4207-B464-AFAE6AF3FC19}.DebugMDd|x64.ActiveCfg = Debug|Win32
		{07FC5B61-B575-4207-B464-AFAE6AF3FC19}.DebugMDd|x64.Build.0 = Debug|Win32
		{07FC5B61-B575-4207-B464-AFAE6AF3FC19}.DebugMDd|x86.ActiveCfg = Debug|Win32
		{07FC5B61-B575-4207-B464-AFAE6AF3FC19}.DebugMDd|x86.Build.0 = Debug|Win32
		{07FC5B61-B575-4207-B464-AFAE6AF3FC19}.Release|Any CPU.ActiveCfg = Release|Win32
		{07FC5B61-B575-4207-B464-AFAE6AF3FC19}.Release|ARM.ActiveCfg = Release|Win32
		{07FC5B61-B575-4207-B464-AFAE6AF3FC19}.Release|ARM64.ActiveCfg = Release|Win32
		{07FC5B61-B575-4207-B464-AFAE6AF3FC19}.Release|x64.ActiveCfg = Release|Win32
		{07FC5B61-B575-4207-B464-AFAE6AF3FC19}.Release|x86.ActiveCfg = Release|Win32
		{07FC5B61-B575-4207-B464-AFAE6AF3FC19}.Release|x86.Build.0 = Release|Win32
		{07FC5B61-B575-4207-B464-AFAE6AF3FC19}.ReleaseMD|Any CPU.ActiveCfg = Debug|Win32
		{07FC5B61-B575-4207-B464-AFAE6AF3FC19}.ReleaseMD|Any CPU.Build.0 = Debug|Win32
		{07FC5B61-B575-4207-B464-AFAE6AF3FC19}.ReleaseMD|ARM.ActiveCfg = Debug|Win32
		{07FC5B61-B575-4207-B464-AFAE6AF3FC19}.ReleaseMD|ARM.Build.0 = Debug|Win32
		{07FC5B61-B575-4207-B464-AFAE6AF3FC19}.ReleaseMD|ARM64.ActiveCfg = Debug|Win32
		{07FC5B61-B575-4207-B464-AFAE6AF3FC19}.ReleaseMD|ARM64.Build.0 = Debug|Win32
		{07FC5B61-B575-4207-B464-AFAE6AF3FC19}.ReleaseMD|x64.ActiveCfg = Debug|Win32
		{07FC5B61-B575-4207-B464-AFAE6AF3FC19}.ReleaseMD|x64.Build.0 = Debug|Win32
		{07FC5B61-B575-4207-B464-AFAE6AF3FC19}.ReleaseMD|x86.ActiveCfg = Release|Win32
		{07FC5B61-B575-4207-B464-AFAE6AF3FC19}.ReleaseMD|x86.Build.0 = Release|Win32
		{F057451A-1413-4D68-AF56-1BF529933420}.Debug|Any CPU.ActiveCfg = Debug|Win32
		{F057451A-1413-4D68-AF56-1BF529933420}.Debug|ARM.ActiveCfg = Debug|Win32
		{F057451A-1413-4D68-AF56-1BF529933420}.Debug|ARM64.ActiveCfg = Debug|Win32
		{F057451A-1413-4D68-AF56-1BF529933420}.Debug|x64.ActiveCfg = Debug|Win32
		{F057451A-1413-4D68-AF56-1BF529933420}.Debug|x86.ActiveCfg = Debug|Win32
		{F057451A-1413-4D68-AF56-1BF529933420}.Debug|x86.Build.0 = Debug|Win32
		{F057451A-1413-4D68-AF56-1BF529933420}.DebugMDd|Any CPU.ActiveCfg = Debug|Win32
		{F057451A-1413-4D68-AF56-1BF529933420}.DebugMDd|Any CPU.Build.0 = Debug|Win32
		{F057451A-1413-4D68-AF56-1BF529933420}.DebugMDd|ARM.ActiveCfg = Debug|Win32
		{F057451A-1413-4D68-AF56-1BF529933420}.DebugMDd|ARM.Build.0 = Debug|Win32
		{F057451A-1413-4D68-AF56-1BF529933420}.DebugMDd|ARM64.ActiveCfg = Debug|Win32
		{F057451A-1413-4D68-AF56-1BF529933420}.DebugMDd|ARM64.Build.0 = Debug|Win32
		{F057451A-1413-4D68-AF56-1BF529933420}.DebugMDd|x64.ActiveCfg = Debug|Win32
		{F057451A-1413-4D68-AF56-1BF529933420}.DebugMDd|x64.Build.0 = Debug|Win32
		{F057451A-1413-4D68-AF56-1BF529933420}.DebugMDd|x86.ActiveCfg = Debug|Win32
		{F057451A-1413-4D68-AF56-1BF529933420}.DebugMDd|x86.Build.0 = Debug|Win32
		{F057451A-1413-4D68-AF56-1BF529933420}.Release|Any CPU.ActiveCfg = Release|Win32
		{F057451A-1413-4D68-AF56-1BF529933420}.Release|ARM.ActiveCfg = Release|Win32
		{F057451A-1413-4D68-AF56-1BF529933420}.Release|ARM64.ActiveCfg = Release|Win32
		{F057451A-1413-4D68-AF56-1BF529933420}.Release|x64.ActiveCfg = Release|Win32
		{F057451A-1413-4D68-AF56-1BF529933420}.Release|x86.ActiveCfg = Release|Win32
		{F057451A-1413-4D68-AF56-1BF529933420}.Release|x86.Build.0 = Release|Win32
		{F057451A-1413-4D68-AF56-1BF529933420}.ReleaseMD|Any CPU.ActiveCfg = Debug|Win32
		{F057451A-1413-4D68-AF56-1BF529933420}.ReleaseMD|Any CPU.Build.0 = Debug|Win32
		{F057451A-1413-4D68-AF56-1BF529933420}.ReleaseMD|ARM.ActiveCfg = Debug|Win32
		{F057451A-1413-4D68-AF56-1BF529933420}.ReleaseMD|ARM.Build.0 = Debug|Win32
		{F057451A-1413-4D68-AF56-1BF529933420}.ReleaseMD|ARM64.ActiveCfg = Debug|Win32
		{F057451A-1413-4D68-AF56-1BF529933420}.ReleaseMD|ARM64.Build.0 = Debug|Win32
		{F057451A-1413-4D68-AF56-1BF529933420}.ReleaseMD|x64.ActiveCfg = Debug|Win32
		{F057451A-1413-4D68-AF56-1BF529933420}.ReleaseMD|x64.Build.0 = Debug|Win32
		{F057451A-1413-4D68-AF56-1BF529933420}.ReleaseMD|x86.ActiveCfg = Release DLL|Win32
		{F057451A-1413-4D68-AF56-1BF529933420}.ReleaseMD|x86.Build.0 = Release DLL|Win32
		{BC481702-C311-41A3-911E-97247E8E039E}.Debug|Any CPU.ActiveCfg = Debug|Any CPU
		{BC481702-C311-41A3-911E-97247E8E039E}.Debug|Any CPU.Build.0 = Debug|Any CPU
		{BC481702-C311-41A3-911E-97247E8E039E}.Debug|ARM.ActiveCfg = Debug|Any CPU
		{BC481702-C311-41A3-911E-97247E8E039E}.Debug|ARM.Build.0 = Debug|Any CPU
		{BC481702-C311-41A3-911E-97247E8E039E}.Debug|ARM64.ActiveCfg = Debug|Any CPU
		{BC481702-C311-41A3-911E-97247E8E039E}.Debug|ARM64.Build.0 = Debug|Any CPU
		{BC481702-C311-41A3-911E-97247E8E039E}.Debug|x64.ActiveCfg = Debug|Any CPU
		{BC481702-C311-41A3-911E-97247E8E039E}.Debug|x64.Build.0 = Debug|Any CPU
		{BC481702-C311-41A3-911E-97247E8E039E}.Debug|x86.ActiveCfg = Debug|Any CPU
		{BC481702-C311-41A3-911E-97247E8E039E}.Debug|x86.Build.0 = Debug|Any CPU
		{BC481702-C311-41A3-911E-97247E8E039E}.DebugMDd|Any CPU.ActiveCfg = Debug|Any CPU
		{BC481702-C311-41A3-911E-97247E8E039E}.DebugMDd|Any CPU.Build.0 = Debug|Any CPU
		{BC481702-C311-41A3-911E-97247E8E039E}.DebugMDd|ARM.ActiveCfg = Debug|Any CPU
		{BC481702-C311-41A3-911E-97247E8E039E}.DebugMDd|ARM.Build.0 = Debug|Any CPU
		{BC481702-C311-41A3-911E-97247E8E039E}.DebugMDd|ARM64.ActiveCfg = Debug|Any CPU
		{BC481702-C311-41A3-911E-97247E8E039E}.DebugMDd|ARM64.Build.0 = Debug|Any CPU
		{BC481702-C311-41A3-911E-97247E8E039E}.DebugMDd|x64.ActiveCfg = Debug|Any CPU
		{BC481702-C311-41A3-911E-97247E8E039E}.DebugMDd|x64.Build.0 = Debug|Any CPU
		{BC481702-C311-41A3-911E-97247E8E039E}.DebugMDd|x86.ActiveCfg = Debug|Any CPU
		{BC481702-C311-41A3-911E-97247E8E039E}.DebugMDd|x86.Build.0 = Debug|Any CPU
		{BC481702-C311-41A3-911E-97247E8E039E}.Release|Any CPU.ActiveCfg = Release|Any CPU
		{BC481702-C311-41A3-911E-97247E8E039E}.Release|Any CPU.Build.0 = Release|Any CPU
		{BC481702-C311-41A3-911E-97247E8E039E}.Release|ARM.ActiveCfg = Release|Any CPU
		{BC481702-C311-41A3-911E-97247E8E039E}.Release|ARM.Build.0 = Release|Any CPU
		{BC481702-C311-41A3-911E-97247E8E039E}.Release|ARM64.ActiveCfg = Release|Any CPU
		{BC481702-C311-41A3-911E-97247E8E039E}.Release|ARM64.Build.0 = Release|Any CPU
		{BC481702-C311-41A3-911E-97247E8E039E}.Release|x64.ActiveCfg = Release|Any CPU
		{BC481702-C311-41A3-911E-97247E8E039E}.Release|x64.Build.0 = Release|Any CPU
		{BC481702-C311-41A3-911E-97247E8E039E}.Release|x86.ActiveCfg = Release|Any CPU
		{BC481702-C311-41A3-911E-97247E8E039E}.Release|x86.Build.0 = Release|Any CPU
		{BC481702-C311-41A3-911E-97247E8E039E}.ReleaseMD|Any CPU.ActiveCfg = Release|Any CPU
		{BC481702-C311-41A3-911E-97247E8E039E}.ReleaseMD|Any CPU.Build.0 = Release|Any CPU
		{BC481702-C311-41A3-911E-97247E8E039E}.ReleaseMD|ARM.ActiveCfg = Release|Any CPU
		{BC481702-C311-41A3-911E-97247E8E039E}.ReleaseMD|ARM.Build.0 = Release|Any CPU
		{BC481702-C311-41A3-911E-97247E8E039E}.ReleaseMD|ARM64.ActiveCfg = Release|Any CPU
		{BC481702-C311-41A3-911E-97247E8E039E}.ReleaseMD|ARM64.Build.0 = Release|Any CPU
		{BC481702-C311-41A3-911E-97247E8E039E}.ReleaseMD|x64.ActiveCfg = Release|Any CPU
		{BC481702-C311-41A3-911E-97247E8E039E}.ReleaseMD|x64.Build.0 = Release|Any CPU
		{BC481702-C311-41A3-911E-97247E8E039E}.ReleaseMD|x86.ActiveCfg = Release|Any CPU
		{BC481702-C311-41A3-911E-97247E8E039E}.ReleaseMD|x86.Build.0 = Release|Any CPU
		{6D85351F-5F3F-4EE3-8714-2BBA1D646C8D}.Debug|Any CPU.ActiveCfg = Debug|Win32
		{6D85351F-5F3F-4EE3-8714-2BBA1D646C8D}.Debug|ARM.ActiveCfg = Debug|Win32
		{6D85351F-5F3F-4EE3-8714-2BBA1D646C8D}.Debug|ARM64.ActiveCfg = Debug|Win32
		{6D85351F-5F3F-4EE3-8714-2BBA1D646C8D}.Debug|x64.ActiveCfg = Debug|Win32
		{6D85351F-5F3F-4EE3-8714-2BBA1D646C8D}.Debug|x86.ActiveCfg = Debug|Win32
		{6D85351F-5F3F-4EE3-8714-2BBA1D646C8D}.Debug|x86.Build.0 = Debug|Win32
		{6D85351F-5F3F-4EE3-8714-2BBA1D646C8D}.DebugMDd|Any CPU.ActiveCfg = Debug|Win32
		{6D85351F-5F3F-4EE3-8714-2BBA1D646C8D}.DebugMDd|Any CPU.Build.0 = Debug|Win32
		{6D85351F-5F3F-4EE3-8714-2BBA1D646C8D}.DebugMDd|ARM.ActiveCfg = Debug|Win32
		{6D85351F-5F3F-4EE3-8714-2BBA1D646C8D}.DebugMDd|ARM.Build.0 = Debug|Win32
		{6D85351F-5F3F-4EE3-8714-2BBA1D646C8D}.DebugMDd|ARM64.ActiveCfg = Debug|Win32
		{6D85351F-5F3F-4EE3-8714-2BBA1D646C8D}.DebugMDd|ARM64.Build.0 = Debug|Win32
		{6D85351F-5F3F-4EE3-8714-2BBA1D646C8D}.DebugMDd|x64.ActiveCfg = Debug|Win32
		{6D85351F-5F3F-4EE3-8714-2BBA1D646C8D}.DebugMDd|x64.Build.0 = Debug|Win32
		{6D85351F-5F3F-4EE3-8714-2BBA1D646C8D}.DebugMDd|x86.ActiveCfg = Debug|Win32
		{6D85351F-5F3F-4EE3-8714-2BBA1D646C8D}.DebugMDd|x86.Build.0 = Debug|Win32
		{6D85351F-5F3F-4EE3-8714-2BBA1D646C8D}.Release|Any CPU.ActiveCfg = Release|Win32
		{6D85351F-5F3F-4EE3-8714-2BBA1D646C8D}.Release|ARM.ActiveCfg = Release|Win32
		{6D85351F-5F3F-4EE3-8714-2BBA1D646C8D}.Release|ARM64.ActiveCfg = Release|Win32
		{6D85351F-5F3F-4EE3-8714-2BBA1D646C8D}.Release|x64.ActiveCfg = Release|Win32
		{6D85351F-5F3F-4EE3-8714-2BBA1D646C8D}.Release|x86.ActiveCfg = Release|Win32
		{6D85351F-5F3F-4EE3-8714-2BBA1D646C8D}.Release|x86.Build.0 = Release|Win32
		{6D85351F-5F3F-4EE3-8714-2BBA1D646C8D}.ReleaseMD|Any CPU.ActiveCfg = Debug|Win32
		{6D85351F-5F3F-4EE3-8714-2BBA1D646C8D}.ReleaseMD|Any CPU.Build.0 = Debug|Win32
		{6D85351F-5F3F-4EE3-8714-2BBA1D646C8D}.ReleaseMD|ARM.ActiveCfg = Debug|Win32
		{6D85351F-5F3F-4EE3-8714-2BBA1D646C8D}.ReleaseMD|ARM.Build.0 = Debug|Win32
		{6D85351F-5F3F-4EE3-8714-2BBA1D646C8D}.ReleaseMD|ARM64.ActiveCfg = Debug|Win32
		{6D85351F-5F3F-4EE3-8714-2BBA1D646C8D}.ReleaseMD|ARM64.Build.0 = Debug|Win32
		{6D85351F-5F3F-4EE3-8714-2BBA1D646C8D}.ReleaseMD|x64.ActiveCfg = Debug|Win32
		{6D85351F-5F3F-4EE3-8714-2BBA1D646C8D}.ReleaseMD|x64.Build.0 = Debug|Win32
		{6D85351F-5F3F-4EE3-8714-2BBA1D646C8D}.ReleaseMD|x86.ActiveCfg = Release|Win32
		{6D85351F-5F3F-4EE3-8714-2BBA1D646C8D}.ReleaseMD|x86.Build.0 = Release|Win32
		{B4522CE4-3435-421F-BE8D-20EFD57980B4}.Debug|Any CPU.ActiveCfg = Debug|Win32
		{B4522CE4-3435-421F-BE8D-20EFD57980B4}.Debug|ARM.ActiveCfg = Debug|Win32
		{B4522CE4-3435-421F-BE8D-20EFD57980B4}.Debug|ARM64.ActiveCfg = Debug|Win32
		{B4522CE4-3435-421F-BE8D-20EFD57980B4}.Debug|x64.ActiveCfg = Debug|x64
		{B4522CE4-3435-421F-BE8D-20EFD57980B4}.Debug|x64.Build.0 = Debug|x64
		{B4522CE4-3435-421F-BE8D-20EFD57980B4}.Debug|x86.ActiveCfg = Debug|Win32
		{B4522CE4-3435-421F-BE8D-20EFD57980B4}.Debug|x86.Build.0 = Debug|Win32
		{B4522CE4-3435-421F-BE8D-20EFD57980B4}.DebugMDd|Any CPU.ActiveCfg = Debug|Win32
		{B4522CE4-3435-421F-BE8D-20EFD57980B4}.DebugMDd|Any CPU.Build.0 = Debug|Win32
		{B4522CE4-3435-421F-BE8D-20EFD57980B4}.DebugMDd|ARM.ActiveCfg = Debug|Win32
		{B4522CE4-3435-421F-BE8D-20EFD57980B4}.DebugMDd|ARM.Build.0 = Debug|Win32
		{B4522CE4-3435-421F-BE8D-20EFD57980B4}.DebugMDd|ARM64.ActiveCfg = Debug|Win32
		{B4522CE4-3435-421F-BE8D-20EFD57980B4}.DebugMDd|ARM64.Build.0 = Debug|Win32
		{B4522CE4-3435-421F-BE8D-20EFD57980B4}.DebugMDd|x64.ActiveCfg = Debug|x64
		{B4522CE4-3435-421F-BE8D-20EFD57980B4}.DebugMDd|x64.Build.0 = Debug|x64
		{B4522CE4-3435-421F-BE8D-20EFD57980B4}.DebugMDd|x86.ActiveCfg = Debug|Win32
		{B4522CE4-3435-421F-BE8D-20EFD57980B4}.DebugMDd|x86.Build.0 = Debug|Win32
		{B4522CE4-3435-421F-BE8D-20EFD57980B4}.Release|Any CPU.ActiveCfg = Release|Win32
		{B4522CE4-3435-421F-BE8D-20EFD57980B4}.Release|ARM.ActiveCfg = Release|Win32
		{B4522CE4-3435-421F-BE8D-20EFD57980B4}.Release|ARM64.ActiveCfg = Release|Win32
		{B4522CE4-3435-421F-BE8D-20EFD57980B4}.Release|x64.ActiveCfg = Release|x64
		{B4522CE4-3435-421F-BE8D-20EFD57980B4}.Release|x64.Build.0 = Release|x64
		{B4522CE4-3435-421F-BE8D-20EFD57980B4}.Release|x86.ActiveCfg = Release|Win32
		{B4522CE4-3435-421F-BE8D-20EFD57980B4}.Release|x86.Build.0 = Release|Win32
		{B4522CE4-3435-421F-BE8D-20EFD57980B4}.ReleaseMD|Any CPU.ActiveCfg = Debug|Win32
		{B4522CE4-3435-421F-BE8D-20EFD57980B4}.ReleaseMD|Any CPU.Build.0 = Debug|Win32
		{B4522CE4-3435-421F-BE8D-20EFD57980B4}.ReleaseMD|ARM.ActiveCfg = Debug|Win32
		{B4522CE4-3435-421F-BE8D-20EFD57980B4}.ReleaseMD|ARM.Build.0 = Debug|Win32
		{B4522CE4-3435-421F-BE8D-20EFD57980B4}.ReleaseMD|ARM64.ActiveCfg = Debug|Win32
		{B4522CE4-3435-421F-BE8D-20EFD57980B4}.ReleaseMD|ARM64.Build.0 = Debug|Win32
		{B4522CE4-3435-421F-BE8D-20EFD57980B4}.ReleaseMD|x64.ActiveCfg = Release|x64
		{B4522CE4-3435-421F-BE8D-20EFD57980B4}.ReleaseMD|x64.Build.0 = Release|x64
		{B4522CE4-3435-421F-BE8D-20EFD57980B4}.ReleaseMD|x86.ActiveCfg = Release|Win32
		{B4522CE4-3435-421F-BE8D-20EFD57980B4}.ReleaseMD|x86.Build.0 = Release|Win32
	EndGlobalSection
	GlobalSection(SolutionProperties) = preSolution
		HideSolutionNode = FALSE
	EndGlobalSection
	GlobalSection(ExtensibilityGlobals) = postSolution
		SolutionGuid = {B8B0B895-2459-4200-9A49-AFB0560DDE37}
	EndGlobalSection
EndGlobal
