<?xml version="1.0" encoding="utf-8"?>
<Project ToolsVersion="4.0" xmlns="http://schemas.microsoft.com/developer/msbuild/2003">
  <ItemGroup>
    <ClCompile Include="dllmain.cpp">
      <Filter>Source Files</Filter>
    </ClCompile>
    <ClCompile Include="Network.cpp">
      <Filter>Source Files</Filter>
    </ClCompile>
    <ClCompile Include="RedirectTraffic.cpp">
      <Filter>Source Files</Filter>
    </ClCompile>
    <ClCompile Include="stdafx.cpp">
      <Filter>Source Files</Filter>
    </ClCompile>
    <ClCompile Include="Configuration.cpp">
      <Filter>Source Files</Filter>
    </ClCompile>
    <ClCompile Include="AssetBrowserFeed.cpp">
      <Filter>Source Files</Filter>
    </ClCompile>
  </ItemGroup>
  <ItemGroup>
    <ClInclude Include="stdafx.h">
      <Filter>Header Files</Filter>
    </ClInclude>
    <ClInclude Include="Network.hpp">
      <Filter>Header Files</Filter>
    </ClInclude>
    <ClInclude Include="RedirectTraffic.hpp">
      <Filter>Header Files</Filter>
    </ClInclude>
    <ClInclude Include="targetver.h">
      <Filter>Header Files</Filter>
    </ClInclude>
    <ClInclude Include="Configuration.hpp">
      <Filter>Header Files</Filter>
    </ClInclude>
    <ClInclude Include="AssetBrowserFeed.hpp">
      <Filter>Header Files</Filter>
    </ClInclude>
  </ItemGroup>
  <ItemGroup>
    <None Include="SdkPathConfig.props" />
  </ItemGroup>
  <ItemGroup>
    <Filter Include="Source Files">
      <UniqueIdentifier>{285ac2fc-ba73-431d-96dd-f7cab7857092}</UniqueIdentifier>
    </Filter>
    <Filter Include="Header Files">
      <UniqueIdentifier>{5b1d6766-1a9c-4a7d-9043-bc2ab0a11449}</UniqueIdentifier>
    </Filter>
  </ItemGroup>
</Project>